
Microsoft Visual Studio Solution File, Format Version 12.00
# Visual Studio Version 17
VisualStudioVersion = 17.14.36127.28 d17.14
MinimumVisualStudioVersion = 10.0.40219.1
Project("{FAE04EC0-301F-11D3-BF4B-00C04F79EFBC}") = "Unidad4", "Unidad4\Unidad4.csproj", "{697E7DEC-3A52-408D-A647-FABC26280940}"
EndProject
Global
	GlobalSection(SolutionConfigurationPlatforms) = preSolution
		Debug|Any CPU = Debug|Any CPU
		Release|Any CPU = Release|Any CPU
	EndGlobalSection
	GlobalSection(ProjectConfigurationPlatforms) = postSolution
		{697E7DEC-3A52-408D-A647-FABC26280940}.Debug|Any CPU.ActiveCfg = Debug|Any CPU
		{697E7DEC-3A52-408D-A647-FABC26280940}.Debug|Any CPU.Build.0 = Debug|Any CPU
		{697E7DEC-3A52-408D-A647-FABC26280940}.Release|Any CPU.ActiveCfg = Release|Any CPU
		{697E7DEC-3A52-408D-A647-FABC26280940}.Release|Any CPU.Build.0 = Release|Any CPU
	EndGlobalSection
	GlobalSection(SolutionProperties) = preSolution
		HideSolutionNode = FALSE
	EndGlobalSection
	GlobalSection(ExtensibilityGlobals) = postSolution
		SolutionGuid = {85C9D784-6631-4BEC-9704-F3C304BB7DED}
	EndGlobalSection
EndGlobal
